
Microsoft Visual Studio Solution File, Format Version 12.00
# Visual Studio Version 17
VisualStudioVersion = 17.7.34009.444
MinimumVisualStudioVersion = 10.0.40219.1
Project("{FAE04EC0-301F-11D3-BF4B-00C04F79EFBC}") = "k8s.api", "k8s.api.csproj", "{4233281B-5888-41AF-8221-AF062624E108}"
EndProject
Global
	GlobalSection(SolutionConfigurationPlatforms) = preSolution
		Debug|Any CPU = Debug|Any CPU
		Release|Any CPU = Release|Any CPU
	EndGlobalSection
	GlobalSection(ProjectConfigurationPlatforms) = postSolution
		{4233281B-5888-41AF-8221-AF062624E108}.Debug|Any CPU.ActiveCfg = Debug|Any CPU
		{4233281B-5888-41AF-8221-AF062624E108}.Debug|Any CPU.Build.0 = Debug|Any CPU
		{4233281B-5888-41AF-8221-AF062624E108}.Release|Any CPU.ActiveCfg = Release|Any CPU
		{4233281B-5888-41AF-8221-AF062624E108}.Release|Any CPU.Build.0 = Release|Any CPU
	EndGlobalSection
	GlobalSection(SolutionProperties) = preSolution
		HideSolutionNode = FALSE
	EndGlobalSection
	GlobalSection(ExtensibilityGlobals) = postSolution
		SolutionGuid = {F55A8989-7B5B-4373-BAD4-A295D67D4A08}
	EndGlobalSection
EndGlobal
